
Microsoft Visual Studio Solution File, Format Version 12.00
# Visual Studio Version 17
VisualStudioVersion = 17.0.31903.59
MinimumVisualStudioVersion = 10.0.40219.1
Project("{2150E333-8FDC-42A3-9474-1A3956D46DE8}") = "src", "src", "{827E0CD3-B72D-47B6-A68D-7590B98EB39B}"
EndProject
Project("{FAE04EC0-301F-11D3-BF4B-00C04F79EFBC}") = "BizI.Domain", "src\BizI.Domain\BizI.Domain.csproj", "{3CF6E3AE-A653-4421-8DC8-18EC102899C3}"
EndProject
Project("{FAE04EC0-301F-11D3-BF4B-00C04F79EFBC}") = "BizI.Application", "src\BizI.Application\BizI.Application.csproj", "{45A367C1-6B52-42E8-814B-4D5E709203AE}"
EndProject
Project("{FAE04EC0-301F-11D3-BF4B-00C04F79EFBC}") = "BizI.Infrastructure", "src\BizI.Infrastructure\BizI.Infrastructure.csproj", "{5099213C-E350-463F-905D-0181831437C8}"
EndProject
Project("{FAE04EC0-301F-11D3-BF4B-00C04F79EFBC}") = "BizI.Api", "src\BizI.Api\BizI.Api.csproj", "{B6BC0928-529F-450E-8E6C-C0B33C8EE258}"
EndProject
Global
	GlobalSection(SolutionConfigurationPlatforms) = preSolution
		Debug|Any CPU = Debug|Any CPU
		Debug|x64 = Debug|x64
		Debug|x86 = Debug|x86
		Release|Any CPU = Release|Any CPU
		Release|x64 = Release|x64
		Release|x86 = Release|x86
	EndGlobalSection
	GlobalSection(ProjectConfigurationPlatforms) = postSolution
		{3CF6E3AE-A653-4421-8DC8-18EC102899C3}.Debug|Any CPU.ActiveCfg = Debug|Any CPU
		{3CF6E3AE-A653-4421-8DC8-18EC102899C3}.Debug|Any CPU.Build.0 = Debug|Any CPU
		{3CF6E3AE-A653-4421-8DC8-18EC102899C3}.Debug|x64.ActiveCfg = Debug|Any CPU
		{3CF6E3AE-A653-4421-8DC8-18EC102899C3}.Debug|x64.Build.0 = Debug|Any CPU
		{3CF6E3AE-A653-4421-8DC8-18EC102899C3}.Debug|x86.ActiveCfg = Debug|Any CPU
		{3CF6E3AE-A653-4421-8DC8-18EC102899C3}.Debug|x86.Build.0 = Debug|Any CPU
		{3CF6E3AE-A653-4421-8DC8-18EC102899C3}.Release|Any CPU.ActiveCfg = Release|Any CPU
		{3CF6E3AE-A653-4421-8DC8-18EC102899C3}.Release|Any CPU.Build.0 = Release|Any CPU
		{3CF6E3AE-A653-4421-8DC8-18EC102899C3}.Release|x64.ActiveCfg = Release|Any CPU
		{3CF6E3AE-A653-4421-8DC8-18EC102899C3}.Release|x64.Build.0 = Release|Any CPU
		{3CF6E3AE-A653-4421-8DC8-18EC102899C3}.Release|x86.ActiveCfg = Release|Any CPU
		{3CF6E3AE-A653-4421-8DC8-18EC102899C3}.Release|x86.Build.0 = Release|Any CPU
		{45A367C1-6B52-42E8-814B-4D5E709203AE}.Debug|Any CPU.ActiveCfg = Debug|Any CPU
		{45A367C1-6B52-42E8-814B-4D5E709203AE}.Debug|Any CPU.Build.0 = Debug|Any CPU
		{45A367C1-6B52-42E8-814B-4D5E709203AE}.Debug|x64.ActiveCfg = Debug|Any CPU
		{45A367C1-6B52-42E8-814B-4D5E709203AE}.Debug|x64.Build.0 = Debug|Any CPU
		{45A367C1-6B52-42E8-814B-4D5E709203AE}.Debug|x86.ActiveCfg = Debug|Any CPU
		{45A367C1-6B52-42E8-814B-4D5E709203AE}.Debug|x86.Build.0 = Debug|Any CPU
		{45A367C1-6B52-42E8-814B-4D5E709203AE}.Release|Any CPU.ActiveCfg = Release|Any CPU
		{45A367C1-6B52-42E8-814B-4D5E709203AE}.Release|Any CPU.Build.0 = Release|Any CPU
		{45A367C1-6B52-42E8-814B-4D5E709203AE}.Release|x64.ActiveCfg = Release|Any CPU
		{45A367C1-6B52-42E8-814B-4D5E709203AE}.Release|x64.Build.0 = Release|Any CPU
		{45A367C1-6B52-42E8-814B-4D5E709203AE}.Release|x86.ActiveCfg = Release|Any CPU
		{45A367C1-6B52-42E8-814B-4D5E709203AE}.Release|x86.Build.0 = Release|Any CPU
		{5099213C-E350-463F-905D-0181831437C8}.Debug|Any CPU.ActiveCfg = Debug|Any CPU
		{5099213C-E350-463F-905D-0181831437C8}.Debug|Any CPU.Build.0 = Debug|Any CPU
		{5099213C-E350-463F-905D-0181831437C8}.Debug|x64.ActiveCfg = Debug|Any CPU
		{5099213C-E350-463F-905D-0181831437C8}.Debug|x64.Build.0 = Debug|Any CPU
		{5099213C-E350-463F-905D-0181831437C8}.Debug|x86.ActiveCfg = Debug|Any CPU
		{5099213C-E350-463F-905D-0181831437C8}.Debug|x86.Build.0 = Debug|Any CPU
		{5099213C-E350-463F-905D-0181831437C8}.Release|Any CPU.ActiveCfg = Release|Any CPU
		{5099213C-E350-463F-905D-0181831437C8}.Release|Any CPU.Build.0 = Release|Any CPU
		{5099213C-E350-463F-905D-0181831437C8}.Release|x64.ActiveCfg = Release|Any CPU
		{5099213C-E350-463F-905D-0181831437C8}.Release|x64.Build.0 = Release|Any CPU
		{5099213C-E350-463F-905D-0181831437C8}.Release|x86.ActiveCfg = Release|Any CPU
		{5099213C-E350-463F-905D-0181831437C8}.Release|x86.Build.0 = Release|Any CPU
		{B6BC0928-529F-450E-8E6C-C0B33C8EE258}.Debug|Any CPU.ActiveCfg = Debug|Any CPU
		{B6BC0928-529F-450E-8E6C-C0B33C8EE258}.Debug|Any CPU.Build.0 = Debug|Any CPU
		{B6BC0928-529F-450E-8E6C-C0B33C8EE258}.Debug|x64.ActiveCfg = Debug|Any CPU
		{B6BC0928-529F-450E-8E6C-C0B33C8EE258}.Debug|x64.Build.0 = Debug|Any CPU
		{B6BC0928-529F-450E-8E6C-C0B33C8EE258}.Debug|x86.ActiveCfg = Debug|Any CPU
		{B6BC0928-529F-450E-8E6C-C0B33C8EE258}.Debug|x86.Build.0 = Debug|Any CPU
		{B6BC0928-529F-450E-8E6C-C0B33C8EE258}.Release|Any CPU.ActiveCfg = Release|Any CPU
		{B6BC0928-529F-450E-8E6C-C0B33C8EE258}.Release|Any CPU.Build.0 = Release|Any CPU
		{B6BC0928-529F-450E-8E6C-C0B33C8EE258}.Release|x64.ActiveCfg = Release|Any CPU
		{B6BC0928-529F-450E-8E6C-C0B33C8EE258}.Release|x64.Build.0 = Release|Any CPU
		{B6BC0928-529F-450E-8E6C-C0B33C8EE258}.Release|x86.ActiveCfg = Release|Any CPU
		{B6BC0928-529F-450E-8E6C-C0B33C8EE258}.Release|x86.Build.0 = Release|Any CPU
	EndGlobalSection
	GlobalSection(SolutionProperties) = preSolution
		HideSolutionNode = FALSE
	EndGlobalSection
	GlobalSection(NestedProjects) = preSolution
		{3CF6E3AE-A653-4421-8DC8-18EC102899C3} = {827E0CD3-B72D-47B6-A68D-7590B98EB39B}
		{45A367C1-6B52-42E8-814B-4D5E709203AE} = {827E0CD3-B72D-47B6-A68D-7590B98EB39B}
		{5099213C-E350-463F-905D-0181831437C8} = {827E0CD3-B72D-47B6-A68D-7590B98EB39B}
		{B6BC0928-529F-450E-8E6C-C0B33C8EE258} = {827E0CD3-B72D-47B6-A68D-7590B98EB39B}
	EndGlobalSection
EndGlobal
